Microsoft Visual Studio Solution File, Format Version 12.00
# Visual Studio 2012
Project("{FAE04EC0-301F-11D3-BF4B-00C04F79EFBC}") = "Eternal Veil", "Eternal Veil.csproj", "{AB334CD1-8FC7-4CAA-A17B-5FA6BF16CA25}"
EndProject
Global
	GlobalSection(SolutionConfigurationPlatforms) = preSolution
	Debug|Any CPU = Debug|Any CPU
	ExportDebug|Any CPU = ExportDebug|Any CPU
	ExportRelease|Any CPU = ExportRelease|Any CPU
	EndGlobalSection
	GlobalSection(ProjectConfigurationPlatforms) = postSolution
		{AB334CD1-8FC7-4CAA-A17B-5FA6BF16CA25}.Debug|Any CPU.ActiveCfg = Debug|Any CPU
		{AB334CD1-8FC7-4CAA-A17B-5FA6BF16CA25}.Debug|Any CPU.Build.0 = Debug|Any CPU
		{AB334CD1-8FC7-4CAA-A17B-5FA6BF16CA25}.ExportDebug|Any CPU.ActiveCfg = ExportDebug|Any CPU
		{AB334CD1-8FC7-4CAA-A17B-5FA6BF16CA25}.ExportDebug|Any CPU.Build.0 = ExportDebug|Any CPU
		{AB334CD1-8FC7-4CAA-A17B-5FA6BF16CA25}.ExportRelease|Any CPU.ActiveCfg = ExportRelease|Any CPU
		{AB334CD1-8FC7-4CAA-A17B-5FA6BF16CA25}.ExportRelease|Any CPU.Build.0 = ExportRelease|Any CPU
	EndGlobalSection
EndGlobal
